Microsoft Visual Studio Solution File, Format Version 12.00
# Visual Studio Version 16
VisualStudioVersion = 16.0.28803.452
MinimumVisualStudioVersion = 10.0.40219.1
Project("{2150E333-8FDC-42A3-9474-1A3956D46DE8}") = "documents", "documents", "{86446CFF-D6E7-4F97-897F-62C904FE7BC9}"
	ProjectSection(SolutionItems) = preProject
		documents\objects.txt = documents\objects.txt
	EndProjectSection
EndProject
Project("{2150E333-8FDC-42A3-9474-1A3956D46DE8}") = "lib", "lib", "{183AF2B0-E644-48D4-AE99-C43CBD199D2E}"
EndProject
Project("{2150E333-8FDC-42A3-9474-1A3956D46DE8}") = "src", "src", "{35F88D80-A486-424B-82F9-5054EE905A98}"
EndProject
Project("{2150E333-8FDC-42A3-9474-1A3956D46DE8}") = "utils", "utils", "{6B3392DB-CBA2-409C-A4BD-5AD8098A872E}"
EndProject
Project("{2150E333-8FDC-42A3-9474-1A3956D46DE8}") = "test", "test", "{7AC92DA4-C9B9-4D19-990D-82354F5CF4FE}"
EndProject
Project("{9A19103F-16F7-4668-BE54-9A1E7A4F7556}") = "Company.SampleApp.Domain.Models", "src\Company.SampleApp.Domain.Models\Company.SampleApp.Domain.Models.csproj", "{E3C1E9F3-1D3F-4C2C-9C50-BE5B8C16F080}"
EndProject
Project("{9A19103F-16F7-4668-BE54-9A1E7A4F7556}") = "Company.SampleApp.Domain.Client", "src\Company.SampleApp.Domain.Client\Company.SampleApp.Domain.Client.csproj", "{EA3D67DD-1A31-4204-B846-2801C8364E7D}"
EndProject
Project("{9A19103F-16F7-4668-BE54-9A1E7A4F7556}") = "Company.SampleApp.Data.Ef", "src\Company.SampleApp.Data.Ef\Company.SampleApp.Data.Ef.csproj", "{253D27ED-632E-4741-987E-180354AE9A9F}"
EndProject
Project("{9A19103F-16F7-4668-BE54-9A1E7A4F7556}") = "Company.SampleApp.Repositories.Ef", "src\Company.SampleApp.Repositories.Ef\Company.SampleApp.Repositories.Ef.csproj", "{F77BD428-F152-4ED5-844E-9CF222C42B10}"
EndProject
Project("{9A19103F-16F7-4668-BE54-9A1E7A4F7556}") = "Company.SampleApp.Repositories.Interfaces", "src\Company.SampleApp.Repositories.Interfaces\Company.SampleApp.Repositories.Interfaces.csproj", "{07E0BB00-B6B5-4EB8-8053-AF9A48C28118}"
EndProject
Project("{9A19103F-16F7-4668-BE54-9A1E7A4F7556}") = "Company.SampleApp.Services.Core", "src\Company.SampleApp.Services.Core\Company.SampleApp.Services.Core.csproj", "{B1070D9A-B6E0-4472-ADE1-F802ECF6DDD9}"
EndProject
Project("{9A19103F-16F7-4668-BE54-9A1E7A4F7556}") = "Company.SampleApp.Services.Interfaces", "src\Company.SampleApp.Services.Interfaces\Company.SampleApp.Services.Interfaces.csproj", "{7BB14AEE-8922-4BF4-8C4E-37B2921658E8}"
EndProject
Project("{9A19103F-16F7-4668-BE54-9A1E7A4F7556}") = "Company.SampleApp.WebApis", "src\Company.SampleApp.WebApis\Company.SampleApp.WebApis.csproj", "{3A04B0A0-0D20-41FD-8184-6E33446BEF06}"
EndProject
Project("{9A19103F-16F7-4668-BE54-9A1E7A4F7556}") = "Company.SampleApp.Domain.MockData", "test\Company.SampleApp.Domain.MockData\Company.SampleApp.Domain.MockData.csproj", "{F5EF635A-FA45-4484-88B6-DD2787C4DD0C}"
EndProject
Project("{9A19103F-16F7-4668-BE54-9A1E7A4F7556}") = "Company.SampleApp.Domain.Models.Tests", "test\Company.SampleApp.Domain.Models.Tests\Company.SampleApp.Domain.Models.Tests.csproj", "{13835508-0C20-458D-9C39-65C091559B87}"
EndProject
Project("{9A19103F-16F7-4668-BE54-9A1E7A4F7556}") = "Company.SampleApp.Domain.Client.Tests", "test\Company.SampleApp.Domain.Client.Tests\Company.SampleApp.Domain.Client.Tests.csproj", "{AE7E9A99-B969-4F86-9CC5-E0AA1CABFED2}"
EndProject
Project("{9A19103F-16F7-4668-BE54-9A1E7A4F7556}") = "Company.SampleApp.Data.Ef.Tests", "test\Company.SampleApp.Data.Ef.Tests\Company.SampleApp.Data.Ef.Tests.csproj", "{BAFCE509-967B-4F5D-A422-5462485248A2}"
EndProject
Project("{9A19103F-16F7-4668-BE54-9A1E7A4F7556}") = "Company.SampleApp.Repositories.Ef.Tests", "test\Company.SampleApp.Repositories.Ef.Tests\Company.SampleApp.Repositories.Ef.Tests.csproj", "{3E8E35BC-8480-457C-9826-F56BF5CC6951}"
EndProject
Project("{9A19103F-16F7-4668-BE54-9A1E7A4F7556}") = "Company.SampleApp.Services.Core.Tests", "test\Company.SampleApp.Services.Core.Tests\Company.SampleApp.Services.Core.Tests.csproj", "{11928E2A-8CD8-4A37-BBEC-CDE5158A42DA}"
EndProject
Project("{9A19103F-16F7-4668-BE54-9A1E7A4F7556}") = "Company.SampleApp.WebApis.Tests", "test\Company.SampleApp.WebApis.Tests\Company.SampleApp.WebApis.Tests.csproj", "{363F53FA-C3DC-488C-BCA6-2E8C9B851282}"
EndProject
Project("{9A19103F-16F7-4668-BE54-9A1E7A4F7556}") = "Company.SampleApp.DatabaseRebuild", "utils\Company.SampleApp.DatabaseRebuild\Company.SampleApp.DatabaseRebuild.csproj", "{417B0D73-59E3-4288-A530-A5703D26FCFE}"
EndProject
Project("{2150E333-8FDC-42A3-9474-1A3956D46DE8}") = "Solution Items", "Solution Items", "{02740282-9A7F-4D5C-8455-2B9ACC11E893}"
	ProjectSection(SolutionItems) = preProject
		.gitignore = .gitignore
		CodeCoverage.runsettings = CodeCoverage.runsettings
		README.md = README.md
		Settings.StyleCop = Settings.StyleCop
	EndProjectSection
EndProject
Project("{FAE04EC0-301F-11D3-BF4B-00C04F79EFBC}") = "Company.SampleApp.Repositories.DataSource2", "src\Company.SampleApp.Repositories.DataSource2\Company.SampleApp.Repositories.DataSource2.csproj", "{10DF357C-8CD9-4B31-96A8-52872508EF67}"
EndProject
Project("{FAE04EC0-301F-11D3-BF4B-00C04F79EFBC}") = "Company.SampleApp.Repositories.DataSource2.Tests", "test\Company.SampleApp.Repositories.DataSource2.Tests\Company.SampleApp.Repositories.DataSource2.Tests.csproj", "{EE45D74F-E35D-45B6-A9E8-6B5D8809F819}"
EndProject
Global
	GlobalSection(SolutionConfigurationPlatforms) = preSolution
		Debug|Any CPU = Debug|Any CPU
		Release|Any CPU = Release|Any CPU
	EndGlobalSection
	GlobalSection(ProjectConfigurationPlatforms) = postSolution
		{E3C1E9F3-1D3F-4C2C-9C50-BE5B8C16F080}.Debug|Any CPU.ActiveCfg = Debug|Any CPU
		{E3C1E9F3-1D3F-4C2C-9C50-BE5B8C16F080}.Debug|Any CPU.Build.0 = Debug|Any CPU
		{E3C1E9F3-1D3F-4C2C-9C50-BE5B8C16F080}.Release|Any CPU.ActiveCfg = Release|Any CPU
		{E3C1E9F3-1D3F-4C2C-9C50-BE5B8C16F080}.Release|Any CPU.Build.0 = Release|Any CPU
		{EA3D67DD-1A31-4204-B846-2801C8364E7D}.Debug|Any CPU.ActiveCfg = Debug|Any CPU
		{EA3D67DD-1A31-4204-B846-2801C8364E7D}.Debug|Any CPU.Build.0 = Debug|Any CPU
		{EA3D67DD-1A31-4204-B846-2801C8364E7D}.Release|Any CPU.ActiveCfg = Release|Any CPU
		{EA3D67DD-1A31-4204-B846-2801C8364E7D}.Release|Any CPU.Build.0 = Release|Any CPU
		{253D27ED-632E-4741-987E-180354AE9A9F}.Debug|Any CPU.ActiveCfg = Debug|Any CPU
		{253D27ED-632E-4741-987E-180354AE9A9F}.Debug|Any CPU.Build.0 = Debug|Any CPU
		{253D27ED-632E-4741-987E-180354AE9A9F}.Release|Any CPU.ActiveCfg = Release|Any CPU
		{253D27ED-632E-4741-987E-180354AE9A9F}.Release|Any CPU.Build.0 = Release|Any CPU
		{F77BD428-F152-4ED5-844E-9CF222C42B10}.Debug|Any CPU.ActiveCfg = Debug|Any CPU
		{F77BD428-F152-4ED5-844E-9CF222C42B10}.Debug|Any CPU.Build.0 = Debug|Any CPU
		{F77BD428-F152-4ED5-844E-9CF222C42B10}.Release|Any CPU.ActiveCfg = Release|Any CPU
		{F77BD428-F152-4ED5-844E-9CF222C42B10}.Release|Any CPU.Build.0 = Release|Any CPU
		{07E0BB00-B6B5-4EB8-8053-AF9A48C28118}.Debug|Any CPU.ActiveCfg = Debug|Any CPU
		{07E0BB00-B6B5-4EB8-8053-AF9A48C28118}.Debug|Any CPU.Build.0 = Debug|Any CPU
		{07E0BB00-B6B5-4EB8-8053-AF9A48C28118}.Release|Any CPU.ActiveCfg = Release|Any CPU
		{07E0BB00-B6B5-4EB8-8053-AF9A48C28118}.Release|Any CPU.Build.0 = Release|Any CPU
		{B1070D9A-B6E0-4472-ADE1-F802ECF6DDD9}.Debug|Any CPU.ActiveCfg = Debug|Any CPU
		{B1070D9A-B6E0-4472-ADE1-F802ECF6DDD9}.Debug|Any CPU.Build.0 = Debug|Any CPU
		{B1070D9A-B6E0-4472-ADE1-F802ECF6DDD9}.Release|Any CPU.ActiveCfg = Release|Any CPU
		{B1070D9A-B6E0-4472-ADE1-F802ECF6DDD9}.Release|Any CPU.Build.0 = Release|Any CPU
		{7BB14AEE-8922-4BF4-8C4E-37B2921658E8}.Debug|Any CPU.ActiveCfg = Debug|Any CPU
		{7BB14AEE-8922-4BF4-8C4E-37B2921658E8}.Debug|Any CPU.Build.0 = Debug|Any CPU
		{7BB14AEE-8922-4BF4-8C4E-37B2921658E8}.Release|Any CPU.ActiveCfg = Release|Any CPU
		{7BB14AEE-8922-4BF4-8C4E-37B2921658E8}.Release|Any CPU.Build.0 = Release|Any CPU
		{3A04B0A0-0D20-41FD-8184-6E33446BEF06}.Debug|Any CPU.ActiveCfg = Debug|Any CPU
		{3A04B0A0-0D20-41FD-8184-6E33446BEF06}.Debug|Any CPU.Build.0 = Debug|Any CPU
		{3A04B0A0-0D20-41FD-8184-6E33446BEF06}.Release|Any CPU.ActiveCfg = Release|Any CPU
		{3A04B0A0-0D20-41FD-8184-6E33446BEF06}.Release|Any CPU.Build.0 = Release|Any CPU
		{F5EF635A-FA45-4484-88B6-DD2787C4DD0C}.Debug|Any CPU.ActiveCfg = Debug|Any CPU
		{F5EF635A-FA45-4484-88B6-DD2787C4DD0C}.Debug|Any CPU.Build.0 = Debug|Any CPU
		{F5EF635A-FA45-4484-88B6-DD2787C4DD0C}.Release|Any CPU.ActiveCfg = Release|Any CPU
		{F5EF635A-FA45-4484-88B6-DD2787C4DD0C}.Release|Any CPU.Build.0 = Release|Any CPU
		{13835508-0C20-458D-9C39-65C091559B87}.Debug|Any CPU.ActiveCfg = Debug|Any CPU
		{13835508-0C20-458D-9C39-65C091559B87}.Debug|Any CPU.Build.0 = Debug|Any CPU
		{13835508-0C20-458D-9C39-65C091559B87}.Release|Any CPU.ActiveCfg = Release|Any CPU
		{13835508-0C20-458D-9C39-65C091559B87}.Release|Any CPU.Build.0 = Release|Any CPU
		{AE7E9A99-B969-4F86-9CC5-E0AA1CABFED2}.Debug|Any CPU.ActiveCfg = Debug|Any CPU
		{AE7E9A99-B969-4F86-9CC5-E0AA1CABFED2}.Debug|Any CPU.Build.0 = Debug|Any CPU
		{AE7E9A99-B969-4F86-9CC5-E0AA1CABFED2}.Release|Any CPU.ActiveCfg = Release|Any CPU
		{AE7E9A99-B969-4F86-9CC5-E0AA1CABFED2}.Release|Any CPU.Build.0 = Release|Any CPU
		{BAFCE509-967B-4F5D-A422-5462485248A2}.Debug|Any CPU.ActiveCfg = Debug|Any CPU
		{BAFCE509-967B-4F5D-A422-5462485248A2}.Debug|Any CPU.Build.0 = Debug|Any CPU
		{BAFCE509-967B-4F5D-A422-5462485248A2}.Release|Any CPU.ActiveCfg = Release|Any CPU
		{BAFCE509-967B-4F5D-A422-5462485248A2}.Release|Any CPU.Build.0 = Release|Any CPU
		{3E8E35BC-8480-457C-9826-F56BF5CC6951}.Debug|Any CPU.ActiveCfg = Debug|Any CPU
		{3E8E35BC-8480-457C-9826-F56BF5CC6951}.Debug|Any CPU.Build.0 = Debug|Any CPU
		{3E8E35BC-8480-457C-9826-F56BF5CC6951}.Release|Any CPU.ActiveCfg = Release|Any CPU
		{3E8E35BC-8480-457C-9826-F56BF5CC6951}.Release|Any CPU.Build.0 = Release|Any CPU
		{11928E2A-8CD8-4A37-BBEC-CDE5158A42DA}.Debug|Any CPU.ActiveCfg = Debug|Any CPU
		{11928E2A-8CD8-4A37-BBEC-CDE5158A42DA}.Debug|Any CPU.Build.0 = Debug|Any CPU
		{11928E2A-8CD8-4A37-BBEC-CDE5158A42DA}.Release|Any CPU.ActiveCfg = Release|Any CPU
		{11928E2A-8CD8-4A37-BBEC-CDE5158A42DA}.Release|Any CPU.Build.0 = Release|Any CPU
		{363F53FA-C3DC-488C-BCA6-2E8C9B851282}.Debug|Any CPU.ActiveCfg = Debug|Any CPU
		{363F53FA-C3DC-488C-BCA6-2E8C9B851282}.Debug|Any CPU.Build.0 = Debug|Any CPU
		{363F53FA-C3DC-488C-BCA6-2E8C9B851282}.Release|Any CPU.ActiveCfg = Release|Any CPU
		{363F53FA-C3DC-488C-BCA6-2E8C9B851282}.Release|Any CPU.Build.0 = Release|Any CPU
		{417B0D73-59E3-4288-A530-A5703D26FCFE}.Debug|Any CPU.ActiveCfg = Debug|Any CPU
		{417B0D73-59E3-4288-A530-A5703D26FCFE}.Debug|Any CPU.Build.0 = Debug|Any CPU
		{417B0D73-59E3-4288-A530-A5703D26FCFE}.Release|Any CPU.ActiveCfg = Release|Any CPU
		{417B0D73-59E3-4288-A530-A5703D26FCFE}.Release|Any CPU.Build.0 = Release|Any CPU
		{10DF357C-8CD9-4B31-96A8-52872508EF67}.Debug|Any CPU.ActiveCfg = Debug|Any CPU
		{10DF357C-8CD9-4B31-96A8-52872508EF67}.Debug|Any CPU.Build.0 = Debug|Any CPU
		{10DF357C-8CD9-4B31-96A8-52872508EF67}.Release|Any CPU.ActiveCfg = Release|Any CPU
		{10DF357C-8CD9-4B31-96A8-52872508EF67}.Release|Any CPU.Build.0 = Release|Any CPU
		{EE45D74F-E35D-45B6-A9E8-6B5D8809F819}.Debug|Any CPU.ActiveCfg = Debug|Any CPU
		{EE45D74F-E35D-45B6-A9E8-6B5D8809F819}.Debug|Any CPU.Build.0 = Debug|Any CPU
		{EE45D74F-E35D-45B6-A9E8-6B5D8809F819}.Release|Any CPU.ActiveCfg = Release|Any CPU
		{EE45D74F-E35D-45B6-A9E8-6B5D8809F819}.Release|Any CPU.Build.0 = Release|Any CPU
	EndGlobalSection
	GlobalSection(SolutionProperties) = preSolution
		HideSolutionNode = FALSE
	EndGlobalSection
	GlobalSection(NestedProjects) = preSolution
		{E3C1E9F3-1D3F-4C2C-9C50-BE5B8C16F080} = {35F88D80-A486-424B-82F9-5054EE905A98}
		{EA3D67DD-1A31-4204-B846-2801C8364E7D} = {35F88D80-A486-424B-82F9-5054EE905A98}
		{253D27ED-632E-4741-987E-180354AE9A9F} = {35F88D80-A486-424B-82F9-5054EE905A98}
		{F77BD428-F152-4ED5-844E-9CF222C42B10} = {35F88D80-A486-424B-82F9-5054EE905A98}
		{07E0BB00-B6B5-4EB8-8053-AF9A48C28118} = {35F88D80-A486-424B-82F9-5054EE905A98}
		{B1070D9A-B6E0-4472-ADE1-F802ECF6DDD9} = {35F88D80-A486-424B-82F9-5054EE905A98}
		{7BB14AEE-8922-4BF4-8C4E-37B2921658E8} = {35F88D80-A486-424B-82F9-5054EE905A98}
		{3A04B0A0-0D20-41FD-8184-6E33446BEF06} = {35F88D80-A486-424B-82F9-5054EE905A98}
		{F5EF635A-FA45-4484-88B6-DD2787C4DD0C} = {7AC92DA4-C9B9-4D19-990D-82354F5CF4FE}
		{13835508-0C20-458D-9C39-65C091559B87} = {7AC92DA4-C9B9-4D19-990D-82354F5CF4FE}
		{AE7E9A99-B969-4F86-9CC5-E0AA1CABFED2} = {7AC92DA4-C9B9-4D19-990D-82354F5CF4FE}
		{BAFCE509-967B-4F5D-A422-5462485248A2} = {7AC92DA4-C9B9-4D19-990D-82354F5CF4FE}
		{3E8E35BC-8480-457C-9826-F56BF5CC6951} = {7AC92DA4-C9B9-4D19-990D-82354F5CF4FE}
		{11928E2A-8CD8-4A37-BBEC-CDE5158A42DA} = {7AC92DA4-C9B9-4D19-990D-82354F5CF4FE}
		{363F53FA-C3DC-488C-BCA6-2E8C9B851282} = {7AC92DA4-C9B9-4D19-990D-82354F5CF4FE}
		{417B0D73-59E3-4288-A530-A5703D26FCFE} = {6B3392DB-CBA2-409C-A4BD-5AD8098A872E}
		{10DF357C-8CD9-4B31-96A8-52872508EF67} = {35F88D80-A486-424B-82F9-5054EE905A98}
		{EE45D74F-E35D-45B6-A9E8-6B5D8809F819} = {7AC92DA4-C9B9-4D19-990D-82354F5CF4FE}
	EndGlobalSection
	GlobalSection(ExtensibilityGlobals) = postSolution
		SolutionGuid = {8c15d25f-a2ee-4247-ada0-06e605cb535e}
	EndGlobalSection
EndGlobal
